{
  "object": {
    "pins": [
      {
        "package": "Haptica",
        "repositoryURL": "https://github.com/efremidze/Haptica.git",
        "state": {
          "branch": null,
          "revision": "4084702c85102c2d17d58e42ec5a750094944864",
          "version": "3.0.2"
        }
      },
      {
        "package": "Loaf",
        "repositoryURL": "https://github.com/schmidyy/Loaf.git",
        "state": {
          "branch": null,
          "revision": "5f78a659666fd1025579ded60960452a4c60eda6",
          "version": "0.7.0"
        }
      },
      {
        "package": "SnapKit",
        "repositoryURL": "https://github.com/SnapKit/SnapKit.git",
        "state": {
          "branch": null,
          "revision": "d458564516e5676af9c70b4f4b2a9178294f1bc6",
          "version": "5.0.1"
        }
      }
    ]
  },
  "version": 1
}
