// !$*UTF8*$!
{
	archiveVersion = 1;
	classes = {
	};
	objectVersion = 50;
	objects = {

/* Begin PBXBuildFile section */
		9F9268F225295F0B00BA290B /* AppDelegate.swift in Sources */ = {isa = PBXBuildFile; fileRef = 9F9268F125295F0B00BA290B /* AppDelegate.swift */; };
		9F9268F425295F0B00BA290B /* SceneDelegate.swift in Sources */ = {isa = PBXBuildFile; fileRef = 9F9268F325295F0B00BA290B /* SceneDelegate.swift */; };
		9F9268F625295F0B00BA290B /* ViewController.swift in Sources */ = {isa = PBXBuildFile; fileRef = 9F9268F525295F0B00BA290B /* ViewController.swift */; };
		9F9268F925295F0B00BA290B /* Main.storyboard in Resources */ = {isa = PBXBuildFile; fileRef = 9F9268F725295F0B00BA290B /* Main.storyboard */; };
		9F9268FB25295F0D00BA290B /* Assets.xcassets in Resources */ = {isa = PBXBuildFile; fileRef = 9F9268FA25295F0D00BA290B /* Assets.xcassets */; };
		9F9268FE25295F0D00BA290B /* LaunchScreen.storyboard in Resources */ = {isa = PBXBuildFile; fileRef = 9F9268FC25295F0D00BA290B /* LaunchScreen.storyboard */; };
		9F9269072529615400BA290B /* MovieListTableViewController.swift in Sources */ = {isa = PBXBuildFile; fileRef = 9F9269062529615400BA290B /* MovieListTableViewController.swift */; };
		9F92690A252968F900BA290B /* MovieModel.swift in Sources */ = {isa = PBXBuildFile; fileRef = 9F926909252968F900BA290B /* MovieModel.swift */; };
		9F92690D25296E7200BA290B /* DetailViewController.swift in Sources */ = {isa = PBXBuildFile; fileRef = 9F92690C25296E7200BA290B /* DetailViewController.swift */; };
/* End PBXBuildFile section */

/* Begin PBXFileReference section */
		9F9268EE25295F0B00BA290B /* week9_practice.app */ = {isa = PBXFileReference; explicitFileType = wrapper.application; includeInIndex = 0; path = week9_practice.app; sourceTree = BUILT_PRODUCTS_DIR; };
		9F9268F125295F0B00BA290B /* AppDelegate.swift */ = {isa = PBXFileReference; lastKnownFileType = sourcecode.swift; path = AppDelegate.swift; sourceTree = "<group>"; };
		9F9268F325295F0B00BA290B /* SceneDelegate.swift */ = {isa = PBXFileReference; lastKnownFileType = sourcecode.swift; path = SceneDelegate.swift; sourceTree = "<group>"; };
		9F9268F525295F0B00BA290B /* ViewController.swift */ = {isa = PBXFileReference; lastKnownFileType = sourcecode.swift; path = ViewController.swift; sourceTree = "<group>"; };
		9F9268F825295F0B00BA290B /* Base */ = {isa = PBXFileReference; lastKnownFileType = file.storyboard; name = Base; path = Base.lproj/Main.storyboard; sourceTree = "<group>"; };
		9F9268FA25295F0D00BA290B /* Assets.xcassets */ = {isa = PBXFileReference; lastKnownFileType = folder.assetcatalog; path = Assets.xcassets; sourceTree = "<group>"; };
		9F9268FD25295F0D00BA290B /* Base */ = {isa = PBXFileReference; lastKnownFileType = file.storyboard; name = Base; path = Base.lproj/LaunchScreen.storyboard; sourceTree = "<group>"; };
		9F9268FF25295F0D00BA290B /* Info.plist */ = {isa = PBXFileReference; lastKnownFileType = text.plist.xml; path = Info.plist; sourceTree = "<group>"; };
		9F9269062529615400BA290B /* MovieListTableViewController.swift */ = {isa = PBXFileReference; lastKnownFileType = sourcecode.swift; path = MovieListTableViewController.swift; sourceTree = "<group>"; };
		9F926909252968F900BA290B /* MovieModel.swift */ = {isa = PBXFileReference; lastKnownFileType = sourcecode.swift; path = MovieModel.swift; sourceTree = "<group>"; };
		9F92690C25296E7200BA290B /* DetailViewController.swift */ = {isa = PBXFileReference; lastKnownFileType = sourcecode.swift; path = DetailViewController.swift; sourceTree = "<group>"; };
/* End PBXFileReference section */

/* Begin PBXFrameworksBuildPhase section */
		9F9268EB25295F0B00BA290B /* Frameworks */ = {
			isa = PBXFrameworksBuildPhase;
			buildActionMask = 2147483647;
			files = (
			);
			runOnlyForDeploymentPostprocessing = 0;
		};
/* End PBXFrameworksBuildPhase section */

/* Begin PBXGroup section */
		9F9268E525295F0B00BA290B = {
			isa = PBXGroup;
			children = (
				9F9268F025295F0B00BA290B /* week9_practice */,
				9F9268EF25295F0B00BA290B /* Products */,
			);
			sourceTree = "<group>";
		};
		9F9268EF25295F0B00BA290B /* Products */ = {
			isa = PBXGroup;
			children = (
				9F9268EE25295F0B00BA290B /* week9_practice.app */,
			);
			name = Products;
			sourceTree = "<group>";
		};
		9F9268F025295F0B00BA290B /* week9_practice */ = {
			isa = PBXGroup;
			children = (
				9F9268F125295F0B00BA290B /* AppDelegate.swift */,
				9F9268F325295F0B00BA290B /* SceneDelegate.swift */,
				9F9268F525295F0B00BA290B /* ViewController.swift */,
				9F9268F725295F0B00BA290B /* Main.storyboard */,
				9F9268FA25295F0D00BA290B /* Assets.xcassets */,
				9F9268FC25295F0D00BA290B /* LaunchScreen.storyboard */,
				9F9268FF25295F0D00BA290B /* Info.plist */,
				9F9269062529615400BA290B /* MovieListTableViewController.swift */,
				9F926909252968F900BA290B /* MovieModel.swift */,
				9F92690C25296E7200BA290B /* DetailViewController.swift */,
			);
			path = week9_practice;
			sourceTree = "<group>";
		};
/* End PBXGroup section */

/* Begin PBXNativeTarget section */
		9F9268ED25295F0B00BA290B /* week9_practice */ = {
			isa = PBXNativeTarget;
			buildConfigurationList = 9F92690225295F0D00BA290B /* Build configuration list for PBXNativeTarget "week9_practice" */;
			buildPhases = (
				9F9268EA25295F0B00BA290B /* Sources */,
				9F9268EB25295F0B00BA290B /* Frameworks */,
				9F9268EC25295F0B00BA290B /* Resources */,
			);
			buildRules = (
			);
			dependencies = (
			);
			name = week9_practice;
			productName = week9_practice;
			productReference = 9F9268EE25295F0B00BA290B /* week9_practice.app */;
			productType = "com.apple.product-type.application";
		};
/* End PBXNativeTarget section */

/* Begin PBXProject section */
		9F9268E625295F0B00BA290B /* Project object */ = {
			isa = PBXProject;
			attributes = {
				LastSwiftUpdateCheck = 1200;
				LastUpgradeCheck = 1200;
				TargetAttributes = {
					9F9268ED25295F0B00BA290B = {
						CreatedOnToolsVersion = 12.0.1;
					};
				};
			};
			buildConfigurationList = 9F9268E925295F0B00BA290B /* Build configuration list for PBXProject "week9_practice" */;
			compatibilityVersion = "Xcode 9.3";
			developmentRegion = en;
			hasScannedForEncodings = 0;
			knownRegions = (
				en,
				Base,
			);
			mainGroup = 9F9268E525295F0B00BA290B;
			productRefGroup = 9F9268EF25295F0B00BA290B /* Products */;
			projectDirPath = "";
			projectRoot = "";
			targets = (
				9F9268ED25295F0B00BA290B /* week9_practice */,
			);
		};
/* End PBXProject section */

/* Begin PBXResourcesBuildPhase section */
		9F9268EC25295F0B00BA290B /* Resources */ = {
			isa = PBXResourcesBuildPhase;
			buildActionMask = 2147483647;
			files = (
				9F9268FE25295F0D00BA290B /* LaunchScreen.storyboard in Resources */,
				9F9268FB25295F0D00BA290B /* Assets.xcassets in Resources */,
				9F9268F925295F0B00BA290B /* Main.storyboard in Resources */,
			);
			runOnlyForDeploymentPostprocessing = 0;
		};
/* End PBXResourcesBuildPhase section */

/* Begin PBXSourcesBuildPhase section */
		9F9268EA25295F0B00BA290B /* Sources */ = {
			isa = PBXSourcesBuildPhase;
			buildActionMask = 2147483647;
			files = (
				9F9269072529615400BA290B /* MovieListTableViewController.swift in Sources */,
				9F9268F625295F0B00BA290B /* ViewController.swift in Sources */,
				9F92690A252968F900BA290B /* MovieModel.swift in Sources */,
				9F92690D25296E7200BA290B /* DetailViewController.swift in Sources */,
				9F9268F225295F0B00BA290B /* AppDelegate.swift in Sources */,
				9F9268F425295F0B00BA290B /* SceneDelegate.swift in Sources */,
			);
			runOnlyForDeploymentPostprocessing = 0;
		};
/* End PBXSourcesBuildPhase section */

/* Begin PBXVariantGroup section */
		9F9268F725295F0B00BA290B /* Main.storyboard */ = {
			isa = PBXVariantGroup;
			children = (
				9F9268F825295F0B00BA290B /* Base */,
			);
			name = Main.storyboard;
			sourceTree = "<group>";
		};
		9F9268FC25295F0D00BA290B /* LaunchScreen.storyboard */ = {
			isa = PBXVariantGroup;
			children = (
				9F9268FD25295F0D00BA290B /* Base */,
			);
			name = LaunchScreen.storyboard;
			sourceTree = "<group>";
		};
/* End PBXVariantGroup section */

/* Begin XCBuildConfiguration section */
		9F92690025295F0D00BA290B /* Debug */ = {
			isa = XCBuildConfiguration;
			buildSettings = {
				ALWAYS_SEARCH_USER_PATHS = NO;
				CLANG_ANALYZER_NONNULL = YES;
				CLANG_ANALYZER_NUMBER_OBJECT_CONVERSION = YES_AGGRESSIVE;
				CLANG_CXX_LANGUAGE_STANDARD = "gnu++14";
				CLANG_CXX_LIBRARY = "libc++";
				CLANG_ENABLE_MODULES = YES;
				CLANG_ENABLE_OBJC_ARC = YES;
				CLANG_ENABLE_OBJC_WEAK = YES;
				CLANG_WARN_BLOCK_CAPTURE_AUTORELEASING = YES;
				CLANG_WARN_BOOL_CONVERSION = YES;
				CLANG_WARN_COMMA = YES;
				CLANG_WARN_CONSTANT_CONVERSION = YES;
				CLANG_WARN_DEPRECATED_OBJC_IMPLEMENTATIONS = YES;
				CLANG_WARN_DIRECT_OBJC_ISA_USAGE = YES_ERROR;
				CLANG_WARN_DOCUMENTATION_COMMENTS = YES;
				CLANG_WARN_EMPTY_BODY = YES;
				CLANG_WARN_ENUM_CONVERSION = YES;
				CLANG_WARN_INFINITE_RECURSION = YES;
				CLANG_WARN_INT_CONVERSION = YES;
				CLANG_WARN_NON_LITERAL_NULL_CONVERSION = YES;
				CLANG_WARN_OBJC_IMPLICIT_RETAIN_SELF = YES;
				CLANG_WARN_OBJC_LITERAL_CONVERSION = YES;
				CLANG_WARN_OBJC_ROOT_CLASS = YES_ERROR;
				CLANG_WARN_QUOTED_INCLUDE_IN_FRAMEWORK_HEADER = YES;
				CLANG_WARN_RANGE_LOOP_ANALYSIS = YES;
				CLANG_WARN_STRICT_PROTOTYPES = YES;
				CLANG_WARN_SUSPICIOUS_MOVE = YES;
				CLANG_WARN_UNGUARDED_AVAILABILITY = YES_AGGRESSIVE;
				CLANG_WARN_UNREACHABLE_CODE = YES;
				CLANG_WARN__DUPLICATE_METHOD_MATCH = YES;
				COPY_PHASE_STRIP = NO;
				DEBUG_INFORMATION_FORMAT = dwarf;
				ENABLE_STRICT_OBJC_MSGSEND = YES;
				ENABLE_TESTABILITY = YES;
				GCC_C_LANGUAGE_STANDARD = gnu11;
				GCC_DYNAMIC_NO_PIC = NO;
				GCC_NO_COMMON_BLOCKS = YES;
				GCC_OPTIMIZATION_LEVEL = 0;
				GCC_PREPROCESSOR_DEFINITIONS = (
					"DEBUG=1",
					"$(inherited)",
				);
				GCC_WARN_64_TO_32_BIT_CONVERSION = YES;
				GCC_WARN_ABOUT_RETURN_TYPE = YES_ERROR;
				GCC_WARN_UNDECLARED_SELECTOR = YES;
				GCC_WARN_UNINITIALIZED_AUTOS = YES_AGGRESSIVE;
				GCC_WARN_UNUSED_FUNCTION = YES;
				GCC_WARN_UNUSED_VARIABLE = YES;
				IPHONEOS_DEPLOYMENT_TARGET = 14.0;
				MTL_ENABLE_DEBUG_INFO = INCLUDE_SOURCE;
				MTL_FAST_MATH = YES;
				ONLY_ACTIVE_ARCH = YES;
				SDKROOT = iphoneos;
				SWIFT_ACTIVE_COMPILATION_CONDITIONS = DEBUG;
				SWIFT_OPTIMIZATION_LEVEL = "-Onone";
			};
			name = Debug;
		};
		9F92690125295F0D00BA290B /* Release */ = {
			isa = XCBuildConfiguration;
			buildSettings = {
				ALWAYS_SEARCH_USER_PATHS = NO;
				CLANG_ANALYZER_NONNULL = YES;
				CLANG_ANALYZER_NUMBER_OBJECT_CONVERSION = YES_AGGRESSIVE;
				CLANG_CXX_LANGUAGE_STANDARD = "gnu++14";
				CLANG_CXX_LIBRARY = "libc++";
				CLANG_ENABLE_MODULES = YES;
				CLANG_ENABLE_OBJC_ARC = YES;
				CLANG_ENABLE_OBJC_WEAK = YES;
				CLANG_WARN_BLOCK_CAPTURE_AUTORELEASING = YES;
				CLANG_WARN_BOOL_CONVERSION = YES;
				CLANG_WARN_COMMA = YES;
				CLANG_WARN_CONSTANT_CONVERSION = YES;
				CLANG_WARN_DEPRECATED_OBJC_IMPLEMENTATIONS = YES;
				CLANG_WARN_DIRECT_OBJC_ISA_USAGE = YES_ERROR;
				CLANG_WARN_DOCUMENTATION_COMMENTS = YES;
				CLANG_WARN_EMPTY_BODY = YES;
				CLANG_WARN_ENUM_CONVERSION = YES;
				CLANG_WARN_INFINITE_RECURSION = YES;
				CLANG_WARN_INT_CONVERSION = YES;
				CLANG_WARN_NON_LITERAL_NULL_CONVERSION = YES;
				CLANG_WARN_OBJC_IMPLICIT_RETAIN_SELF = YES;
				CLANG_WARN_OBJC_LITERAL_CONVERSION = YES;
				CLANG_WARN_OBJC_ROOT_CLASS = YES_ERROR;
				CLANG_WARN_QUOTED_INCLUDE_IN_FRAMEWORK_HEADER = YES;
				CLANG_WARN_RANGE_LOOP_ANALYSIS = YES;
				CLANG_WARN_STRICT_PROTOTYPES = YES;
				CLANG_WARN_SUSPICIOUS_MOVE = YES;
				CLANG_WARN_UNGUARDED_AVAILABILITY = YES_AGGRESSIVE;
				CLANG_WARN_UNREACHABLE_CODE = YES;
				CLANG_WARN__DUPLICATE_METHOD_MATCH = YES;
				COPY_PHASE_STRIP = NO;
				DEBUG_INFORMATION_FORMAT = "dwarf-with-dsym";
				ENABLE_NS_ASSERTIONS = NO;
				ENABLE_STRICT_OBJC_MSGSEND = YES;
				GCC_C_LANGUAGE_STANDARD = gnu11;
				GCC_NO_COMMON_BLOCKS = YES;
				GCC_WARN_64_TO_32_BIT_CONVERSION = YES;
				GCC_WARN_ABOUT_RETURN_TYPE = YES_ERROR;
				GCC_WARN_UNDECLARED_SELECTOR = YES;
				GCC_WARN_UNINITIALIZED_AUTOS = YES_AGGRESSIVE;
				GCC_WARN_UNUSED_FUNCTION = YES;
				GCC_WARN_UNUSED_VARIABLE = YES;
				IPHONEOS_DEPLOYMENT_TARGET = 14.0;
				MTL_ENABLE_DEBUG_INFO = NO;
				MTL_FAST_MATH = YES;
				SDKROOT = iphoneos;
				SWIFT_COMPILATION_MODE = wholemodule;
				SWIFT_OPTIMIZATION_LEVEL = "-O";
				VALIDATE_PRODUCT = YES;
			};
			name = Release;
		};
		9F92690325295F0D00BA290B /* Debug */ = {
			isa = XCBuildConfiguration;
			buildSettings = {
				ASSETCATALOG_COMPILER_APPICON_NAME = AppIcon;
				ASSETCATALOG_COMPILER_GLOBAL_ACCENT_COLOR_NAME = AccentColor;
				CODE_SIGN_STYLE = Automatic;
				DEVELOPMENT_TEAM = XG2837V3H7;
				INFOPLIST_FILE = week9_practice/Info.plist;
				LD_RUNPATH_SEARCH_PATHS = (
					"$(inherited)",
					"@executable_path/Frameworks",
				);
				PRODUCT_BUNDLE_IDENTIFIER = "com.ted.gaak.week9-practice";
				PRODUCT_NAME = "$(TARGET_NAME)";
				SWIFT_VERSION = 5.0;
				TARGETED_DEVICE_FAMILY = "1,2";
			};
			name = Debug;
		};
		9F92690425295F0D00BA290B /* Release */ = {
			isa = XCBuildConfiguration;
			buildSettings = {
				ASSETCATALOG_COMPILER_APPICON_NAME = AppIcon;
				ASSETCATALOG_COMPILER_GLOBAL_ACCENT_COLOR_NAME = AccentColor;
				CODE_SIGN_STYLE = Automatic;
				DEVELOPMENT_TEAM = XG2837V3H7;
				INFOPLIST_FILE = week9_practice/Info.plist;
				LD_RUNPATH_SEARCH_PATHS = (
					"$(inherited)",
					"@executable_path/Frameworks",
				);
				PRODUCT_BUNDLE_IDENTIFIER = "com.ted.gaak.week9-practice";
				PRODUCT_NAME = "$(TARGET_NAME)";
				SWIFT_VERSION = 5.0;
				TARGETED_DEVICE_FAMILY = "1,2";
			};
			name = Release;
		};
/* End XCBuildConfiguration section */

/* Begin XCConfigurationList section */
		9F9268E925295F0B00BA290B /* Build configuration list for PBXProject "week9_practice" */ = {
			isa = XCConfigurationList;
			buildConfigurations = (
				9F92690025295F0D00BA290B /* Debug */,
				9F92690125295F0D00BA290B /* Release */,
			);
			defaultConfigurationIsVisible = 0;
			defaultConfigurationName = Release;
		};
		9F92690225295F0D00BA290B /* Build configuration list for PBXNativeTarget "week9_practice" */ = {
			isa = XCConfigurationList;
			buildConfigurations = (
				9F92690325295F0D00BA290B /* Debug */,
				9F92690425295F0D00BA290B /* Release */,
			);
			defaultConfigurationIsVisible = 0;
			defaultConfigurationName = Release;
		};
/* End XCConfigurationList section */
	};
	rootObject = 9F9268E625295F0B00BA290B /* Project object */;
}
