// !$*UTF8*$!
{
	archiveVersion = 1;
	classes = {
	};
	objectVersion = 52;
	objects = {

/* Begin PBXBuildFile section */
		4C5D679C2554269600245E67 /* SF-Pro-Text-Semibold.otf in Resources */ = {isa = PBXBuildFile; fileRef = 4C5D678A2554269400245E67 /* SF-Pro-Text-Semibold.otf */; };
		4C5D679D2554269600245E67 /* SF-Pro-Text-MediumItalic.otf in Resources */ = {isa = PBXBuildFile; fileRef = 4C5D678B2554269400245E67 /* SF-Pro-Text-MediumItalic.otf */; };
		4C5D679E2554269600245E67 /* SF-Pro-Text-HeavyItalic.otf in Resources */ = {isa = PBXBuildFile; fileRef = 4C5D678C2554269400245E67 /* SF-Pro-Text-HeavyItalic.otf */; };
		4C5D679F2554269600245E67 /* SF-Pro-Text-Bold.otf in Resources */ = {isa = PBXBuildFile; fileRef = 4C5D678D2554269400245E67 /* SF-Pro-Text-Bold.otf */; };
		4C5D67A02554269600245E67 /* SF-Pro-Text-BlackItalic.otf in Resources */ = {isa = PBXBuildFile; fileRef = 4C5D678E2554269400245E67 /* SF-Pro-Text-BlackItalic.otf */; };
		4C5D67A12554269600245E67 /* SF-Pro-Text-Light.otf in Resources */ = {isa = PBXBuildFile; fileRef = 4C5D678F2554269400245E67 /* SF-Pro-Text-Light.otf */; };
		4C5D67A22554269600245E67 /* SF-Pro-Text-LightItalic.otf in Resources */ = {isa = PBXBuildFile; fileRef = 4C5D67902554269400245E67 /* SF-Pro-Text-LightItalic.otf */; };
		4C5D67A32554269600245E67 /* SF-Pro-Text-Regular.otf in Resources */ = {isa = PBXBuildFile; fileRef = 4C5D67912554269500245E67 /* SF-Pro-Text-Regular.otf */; };
		4C5D67A42554269600245E67 /* SF-Pro-Text-RegularItalic.otf in Resources */ = {isa = PBXBuildFile; fileRef = 4C5D67922554269500245E67 /* SF-Pro-Text-RegularItalic.otf */; };
		4C5D67A52554269600245E67 /* SF-Pro-Text-UltralightItalic.otf in Resources */ = {isa = PBXBuildFile; fileRef = 4C5D67932554269500245E67 /* SF-Pro-Text-UltralightItalic.otf */; };
		4C5D67A62554269600245E67 /* SF-Pro-Text-Black.otf in Resources */ = {isa = PBXBuildFile; fileRef = 4C5D67942554269500245E67 /* SF-Pro-Text-Black.otf */; };
		4C5D67A72554269600245E67 /* SF-Pro-Text-SemiboldItalic.otf in Resources */ = {isa = PBXBuildFile; fileRef = 4C5D67952554269500245E67 /* SF-Pro-Text-SemiboldItalic.otf */; };
		4C5D67A82554269600245E67 /* SF-Pro-Text-Medium.otf in Resources */ = {isa = PBXBuildFile; fileRef = 4C5D67962554269500245E67 /* SF-Pro-Text-Medium.otf */; };
		4C5D67A92554269600245E67 /* SF-Pro-Text-BoldItalic.otf in Resources */ = {isa = PBXBuildFile; fileRef = 4C5D67972554269500245E67 /* SF-Pro-Text-BoldItalic.otf */; };
		4C5D67AA2554269600245E67 /* SF-Pro-Text-Thin.otf in Resources */ = {isa = PBXBuildFile; fileRef = 4C5D67982554269500245E67 /* SF-Pro-Text-Thin.otf */; };
		4C5D67AB2554269600245E67 /* SF-Pro-Text-Heavy.otf in Resources */ = {isa = PBXBuildFile; fileRef = 4C5D67992554269500245E67 /* SF-Pro-Text-Heavy.otf */; };
		4C5D67AC2554269600245E67 /* SF-Pro-Text-Ultralight.otf in Resources */ = {isa = PBXBuildFile; fileRef = 4C5D679A2554269600245E67 /* SF-Pro-Text-Ultralight.otf */; };
		4C5D67AD2554269600245E67 /* SF-Pro-Text-ThinItalic.otf in Resources */ = {isa = PBXBuildFile; fileRef = 4C5D679B2554269600245E67 /* SF-Pro-Text-ThinItalic.otf */; };
		4C5D67B3255430C100245E67 /* Setting.swift in Sources */ = {isa = PBXBuildFile; fileRef = 4C5D67B2255430C100245E67 /* Setting.swift */; };
		4C5D67B62554341D00245E67 /* SettingTableViewController.swift in Sources */ = {isa = PBXBuildFile; fileRef = 4C5D67B52554341D00245E67 /* SettingTableViewController.swift */; };
		4C9EEAB72540437600E31C12 /* GridView.swift in Sources */ = {isa = PBXBuildFile; fileRef = 4C9EEAB62540437600E31C12 /* GridView.swift */; };
		9F0DABD1254ED15A007F00B5 /* CGREctExtension.swift in Sources */ = {isa = PBXBuildFile; fileRef = 9F0DABD0254ED15A007F00B5 /* CGREctExtension.swift */; };
		9F22AD9E2544114E006EE203 /* CoreMotionExtension.swift in Sources */ = {isa = PBXBuildFile; fileRef = 9F22AD9D2544114E006EE203 /* CoreMotionExtension.swift */; };
		9F2A2A96251C81F3002147A8 /* Constants.swift in Sources */ = {isa = PBXBuildFile; fileRef = 9F2A2A95251C81F3002147A8 /* Constants.swift */; };
		9F5ACF8A250F4AA000516A9B /* AppDelegate.swift in Sources */ = {isa = PBXBuildFile; fileRef = 9F5ACF89250F4AA000516A9B /* AppDelegate.swift */; };
		9F5ACF8C250F4AA000516A9B /* SceneDelegate.swift in Sources */ = {isa = PBXBuildFile; fileRef = 9F5ACF8B250F4AA000516A9B /* SceneDelegate.swift */; };
		9F5ACF91250F4AA000516A9B /* Main.storyboard in Resources */ = {isa = PBXBuildFile; fileRef = 9F5ACF8F250F4AA000516A9B /* Main.storyboard */; };
		9F5ACF93250F4AA200516A9B /* Assets.xcassets in Resources */ = {isa = PBXBuildFile; fileRef = 9F5ACF92250F4AA200516A9B /* Assets.xcassets */; };
		9F5ACF96250F4AA200516A9B /* LaunchScreen.storyboard in Resources */ = {isa = PBXBuildFile; fileRef = 9F5ACF94250F4AA200516A9B /* LaunchScreen.storyboard */; };
		9F5ACF9E250F508A00516A9B /* CameraViewController.swift in Sources */ = {isa = PBXBuildFile; fileRef = 9F5ACF9D250F508A00516A9B /* CameraViewController.swift */; };
		9F5ACFA1250F518600516A9B /* PreviewView.swift in Sources */ = {isa = PBXBuildFile; fileRef = 9F5ACFA0250F518600516A9B /* PreviewView.swift */; };
		9F930E532542A2370058CC83 /* SnapKit in Frameworks */ = {isa = PBXBuildFile; productRef = 9F930E522542A2370058CC83 /* SnapKit */; };
		9FD322C4252C94CE000B611D /* PhotoAlbumViewController.swift in Sources */ = {isa = PBXBuildFile; fileRef = 9FD322C3252C94CE000B611D /* PhotoAlbumViewController.swift */; };
		9FD87EC525273C62001FF3F9 /* CameraViewControllerExtension.swift in Sources */ = {isa = PBXBuildFile; fileRef = 9FD87EC425273C62001FF3F9 /* CameraViewControllerExtension.swift */; };
		9FD87EC925273ED6001FF3F9 /* ImageExtension.swift in Sources */ = {isa = PBXBuildFile; fileRef = 9FD87EC825273ED6001FF3F9 /* ImageExtension.swift */; };
		9FE00E50252C95F5000E6F9A /* PhotoAlbumItemCollectionViewCell.swift in Sources */ = {isa = PBXBuildFile; fileRef = 9FE00E4F252C95F5000E6F9A /* PhotoAlbumItemCollectionViewCell.swift */; };
		9FE00E53252CA5FD000E6F9A /* ImageZoomViewController.swift in Sources */ = {isa = PBXBuildFile; fileRef = 9FE00E52252CA5FD000E6F9A /* ImageZoomViewController.swift */; };
		9FE288FC254421FF009583B3 /* Haptica in Frameworks */ = {isa = PBXBuildFile; productRef = 9FE288FB254421FF009583B3 /* Haptica */; };
/* End PBXBuildFile section */

/* Begin PBXFileReference section */
		4C5D678A2554269400245E67 /* SF-Pro-Text-Semibold.otf */ = {isa = PBXFileReference; lastKnownFileType = file; path = "SF-Pro-Text-Semibold.otf"; sourceTree = "<group>"; };
		4C5D678B2554269400245E67 /* SF-Pro-Text-MediumItalic.otf */ = {isa = PBXFileReference; lastKnownFileType = file; path = "SF-Pro-Text-MediumItalic.otf"; sourceTree = "<group>"; };
		4C5D678C2554269400245E67 /* SF-Pro-Text-HeavyItalic.otf */ = {isa = PBXFileReference; lastKnownFileType = file; path = "SF-Pro-Text-HeavyItalic.otf"; sourceTree = "<group>"; };
		4C5D678D2554269400245E67 /* SF-Pro-Text-Bold.otf */ = {isa = PBXFileReference; lastKnownFileType = file; path = "SF-Pro-Text-Bold.otf"; sourceTree = "<group>"; };
		4C5D678E2554269400245E67 /* SF-Pro-Text-BlackItalic.otf */ = {isa = PBXFileReference; lastKnownFileType = file; path = "SF-Pro-Text-BlackItalic.otf"; sourceTree = "<group>"; };
		4C5D678F2554269400245E67 /* SF-Pro-Text-Light.otf */ = {isa = PBXFileReference; lastKnownFileType = file; path = "SF-Pro-Text-Light.otf"; sourceTree = "<group>"; };
		4C5D67902554269400245E67 /* SF-Pro-Text-LightItalic.otf */ = {isa = PBXFileReference; lastKnownFileType = file; path = "SF-Pro-Text-LightItalic.otf"; sourceTree = "<group>"; };
		4C5D67912554269500245E67 /* SF-Pro-Text-Regular.otf */ = {isa = PBXFileReference; lastKnownFileType = file; path = "SF-Pro-Text-Regular.otf"; sourceTree = "<group>"; };
		4C5D67922554269500245E67 /* SF-Pro-Text-RegularItalic.otf */ = {isa = PBXFileReference; lastKnownFileType = file; path = "SF-Pro-Text-RegularItalic.otf"; sourceTree = "<group>"; };
		4C5D67932554269500245E67 /* SF-Pro-Text-UltralightItalic.otf */ = {isa = PBXFileReference; lastKnownFileType = file; path = "SF-Pro-Text-UltralightItalic.otf"; sourceTree = "<group>"; };
		4C5D67942554269500245E67 /* SF-Pro-Text-Black.otf */ = {isa = PBXFileReference; lastKnownFileType = file; path = "SF-Pro-Text-Black.otf"; sourceTree = "<group>"; };
		4C5D67952554269500245E67 /* SF-Pro-Text-SemiboldItalic.otf */ = {isa = PBXFileReference; lastKnownFileType = file; path = "SF-Pro-Text-SemiboldItalic.otf"; sourceTree = "<group>"; };
		4C5D67962554269500245E67 /* SF-Pro-Text-Medium.otf */ = {isa = PBXFileReference; lastKnownFileType = file; path = "SF-Pro-Text-Medium.otf"; sourceTree = "<group>"; };
		4C5D67972554269500245E67 /* SF-Pro-Text-BoldItalic.otf */ = {isa = PBXFileReference; lastKnownFileType = file; path = "SF-Pro-Text-BoldItalic.otf"; sourceTree = "<group>"; };
		4C5D67982554269500245E67 /* SF-Pro-Text-Thin.otf */ = {isa = PBXFileReference; lastKnownFileType = file; path = "SF-Pro-Text-Thin.otf"; sourceTree = "<group>"; };
		4C5D67992554269500245E67 /* SF-Pro-Text-Heavy.otf */ = {isa = PBXFileReference; lastKnownFileType = file; path = "SF-Pro-Text-Heavy.otf"; sourceTree = "<group>"; };
		4C5D679A2554269600245E67 /* SF-Pro-Text-Ultralight.otf */ = {isa = PBXFileReference; lastKnownFileType = file; path = "SF-Pro-Text-Ultralight.otf"; sourceTree = "<group>"; };
		4C5D679B2554269600245E67 /* SF-Pro-Text-ThinItalic.otf */ = {isa = PBXFileReference; lastKnownFileType = file; path = "SF-Pro-Text-ThinItalic.otf"; sourceTree = "<group>"; };
		4C5D67B2255430C100245E67 /* Setting.swift */ = {isa = PBXFileReference; lastKnownFileType = sourcecode.swift; path = Setting.swift; sourceTree = "<group>"; };
		4C5D67B52554341D00245E67 /* SettingTableViewController.swift */ = {isa = PBXFileReference; lastKnownFileType = sourcecode.swift; path = SettingTableViewController.swift; sourceTree = "<group>"; };
		4C9EEAB62540437600E31C12 /* GridView.swift */ = {isa = PBXFileReference; lastKnownFileType = sourcecode.swift; path = GridView.swift; sourceTree = "<group>"; };
		83DA72BD64D8699618841424 /* Pods-gaak.debug.xcconfig */ = {isa = PBXFileReference; includeInIndex = 1; lastKnownFileType = text.xcconfig; name = "Pods-gaak.debug.xcconfig"; path = "Target Support Files/Pods-gaak/Pods-gaak.debug.xcconfig"; sourceTree = "<group>"; };
		9F0DABD0254ED15A007F00B5 /* CGREctExtension.swift */ = {isa = PBXFileReference; lastKnownFileType = sourcecode.swift; path = CGREctExtension.swift; sourceTree = "<group>"; };
		9F22AD9D2544114E006EE203 /* CoreMotionExtension.swift */ = {isa = PBXFileReference; lastKnownFileType = sourcecode.swift; path = CoreMotionExtension.swift; sourceTree = "<group>"; };
		9F2A2A95251C81F3002147A8 /* Constants.swift */ = {isa = PBXFileReference; lastKnownFileType = sourcecode.swift; path = Constants.swift; sourceTree = "<group>"; };
		9F5ACF86250F4AA000516A9B /* gaak.app */ = {isa = PBXFileReference; explicitFileType = wrapper.application; includeInIndex = 0; path = gaak.app; sourceTree = BUILT_PRODUCTS_DIR; };
		9F5ACF89250F4AA000516A9B /* AppDelegate.swift */ = {isa = PBXFileReference; lastKnownFileType = sourcecode.swift; path = AppDelegate.swift; sourceTree = "<group>"; };
		9F5ACF8B250F4AA000516A9B /* SceneDelegate.swift */ = {isa = PBXFileReference; lastKnownFileType = sourcecode.swift; path = SceneDelegate.swift; sourceTree = "<group>"; };
		9F5ACF90250F4AA000516A9B /* Base */ = {isa = PBXFileReference; lastKnownFileType = file.storyboard; name = Base; path = Base.lproj/Main.storyboard; sourceTree = "<group>"; };
		9F5ACF92250F4AA200516A9B /* Assets.xcassets */ = {isa = PBXFileReference; lastKnownFileType = folder.assetcatalog; path = Assets.xcassets; sourceTree = "<group>"; };
		9F5ACF95250F4AA200516A9B /* Base */ = {isa = PBXFileReference; lastKnownFileType = file.storyboard; name = Base; path = Base.lproj/LaunchScreen.storyboard; sourceTree = "<group>"; };
		9F5ACF97250F4AA200516A9B /* Info.plist */ = {isa = PBXFileReference; lastKnownFileType = text.plist.xml; path = Info.plist; sourceTree = "<group>"; };
		9F5ACF9D250F508A00516A9B /* CameraViewController.swift */ = {isa = PBXFileReference; lastKnownFileType = sourcecode.swift; path = CameraViewController.swift; sourceTree = "<group>"; };
		9F5ACFA0250F518600516A9B /* PreviewView.swift */ = {isa = PBXFileReference; lastKnownFileType = sourcecode.swift; path = PreviewView.swift; sourceTree = "<group>"; };
		9FD322C3252C94CE000B611D /* PhotoAlbumViewController.swift */ = {isa = PBXFileReference; lastKnownFileType = sourcecode.swift; path = PhotoAlbumViewController.swift; sourceTree = "<group>"; };
		9FD87EC425273C62001FF3F9 /* CameraViewControllerExtension.swift */ = {isa = PBXFileReference; lastKnownFileType = sourcecode.swift; path = CameraViewControllerExtension.swift; sourceTree = "<group>"; };
		9FD87EC825273ED6001FF3F9 /* ImageExtension.swift */ = {isa = PBXFileReference; lastKnownFileType = sourcecode.swift; path = ImageExtension.swift; sourceTree = "<group>"; };
		9FE00E4F252C95F5000E6F9A /* PhotoAlbumItemCollectionViewCell.swift */ = {isa = PBXFileReference; lastKnownFileType = sourcecode.swift; path = PhotoAlbumItemCollectionViewCell.swift; sourceTree = "<group>"; };
		9FE00E52252CA5FD000E6F9A /* ImageZoomViewController.swift */ = {isa = PBXFileReference; lastKnownFileType = sourcecode.swift; path = ImageZoomViewController.swift; sourceTree = "<group>"; };
		B8A6D966B733AB1B6A60DCBC /* Pods-gaak.release.xcconfig */ = {isa = PBXFileReference; includeInIndex = 1; lastKnownFileType = text.xcconfig; name = "Pods-gaak.release.xcconfig"; path = "Target Support Files/Pods-gaak/Pods-gaak.release.xcconfig"; sourceTree = "<group>"; };
/* End PBXFileReference section */

/* Begin PBXFrameworksBuildPhase section */
		9F5ACF83250F4AA000516A9B /* Frameworks */ = {
			isa = PBXFrameworksBuildPhase;
			buildActionMask = 2147483647;
			files = (
				9F930E532542A2370058CC83 /* SnapKit in Frameworks */,
				9FE288FC254421FF009583B3 /* Haptica in Frameworks */,
			);
			runOnlyForDeploymentPostprocessing = 0;
		};
/* End PBXFrameworksBuildPhase section */

/* Begin PBXGroup section */
		4C5D67892554264D00245E67 /* Fonts SF Pro Text */ = {
			isa = PBXGroup;
			children = (
				4C5D67942554269500245E67 /* SF-Pro-Text-Black.otf */,
				4C5D678E2554269400245E67 /* SF-Pro-Text-BlackItalic.otf */,
				4C5D678D2554269400245E67 /* SF-Pro-Text-Bold.otf */,
				4C5D67972554269500245E67 /* SF-Pro-Text-BoldItalic.otf */,
				4C5D67992554269500245E67 /* SF-Pro-Text-Heavy.otf */,
				4C5D678C2554269400245E67 /* SF-Pro-Text-HeavyItalic.otf */,
				4C5D678F2554269400245E67 /* SF-Pro-Text-Light.otf */,
				4C5D67902554269400245E67 /* SF-Pro-Text-LightItalic.otf */,
				4C5D67962554269500245E67 /* SF-Pro-Text-Medium.otf */,
				4C5D678B2554269400245E67 /* SF-Pro-Text-MediumItalic.otf */,
				4C5D67912554269500245E67 /* SF-Pro-Text-Regular.otf */,
				4C5D67922554269500245E67 /* SF-Pro-Text-RegularItalic.otf */,
				4C5D678A2554269400245E67 /* SF-Pro-Text-Semibold.otf */,
				4C5D67952554269500245E67 /* SF-Pro-Text-SemiboldItalic.otf */,
				4C5D67982554269500245E67 /* SF-Pro-Text-Thin.otf */,
				4C5D679B2554269600245E67 /* SF-Pro-Text-ThinItalic.otf */,
				4C5D679A2554269600245E67 /* SF-Pro-Text-Ultralight.otf */,
				4C5D67932554269500245E67 /* SF-Pro-Text-UltralightItalic.otf */,
			);
			path = "Fonts SF Pro Text";
			sourceTree = "<group>";
		};
		680C4BC267AC35407433126C /* Frameworks */ = {
			isa = PBXGroup;
			children = (
			);
			name = Frameworks;
			sourceTree = "<group>";
		};
		9F2A2A90251C6820002147A8 /* Resource */ = {
			isa = PBXGroup;
			children = (
				4C5D67892554264D00245E67 /* Fonts SF Pro Text */,
				9F5ACF92250F4AA200516A9B /* Assets.xcassets */,
			);
			path = Resource;
			sourceTree = "<group>";
		};
		9F2A2A91251C6882002147A8 /* View */ = {
			isa = PBXGroup;
			children = (
				9F5ACF8F250F4AA000516A9B /* Main.storyboard */,
				9F5ACF94250F4AA200516A9B /* LaunchScreen.storyboard */,
				9F5ACFA0250F518600516A9B /* PreviewView.swift */,
				9FE00E4F252C95F5000E6F9A /* PhotoAlbumItemCollectionViewCell.swift */,
				4C9EEAB62540437600E31C12 /* GridView.swift */,
			);
			path = View;
			sourceTree = "<group>";
		};
		9F2A2A92251C688C002147A8 /* ViewController */ = {
			isa = PBXGroup;
			children = (
				9F5ACF9D250F508A00516A9B /* CameraViewController.swift */,
				9FD87EC425273C62001FF3F9 /* CameraViewControllerExtension.swift */,
				9FD322C3252C94CE000B611D /* PhotoAlbumViewController.swift */,
				9FE00E52252CA5FD000E6F9A /* ImageZoomViewController.swift */,
				4C5D67B52554341D00245E67 /* SettingTableViewController.swift */,
				4C5D67B2255430C100245E67 /* Setting.swift */,
			);
			path = ViewController;
			sourceTree = "<group>";
		};
		9F2A2A94251C81CC002147A8 /* Model */ = {
			isa = PBXGroup;
			children = (
				9F2A2A95251C81F3002147A8 /* Constants.swift */,
			);
			path = Model;
			sourceTree = "<group>";
		};
		9F5ACF7D250F4AA000516A9B = {
			isa = PBXGroup;
			children = (
				9F5ACF88250F4AA000516A9B /* gaak */,
				9F5ACF87250F4AA000516A9B /* Products */,
				C4C83301AFA31AEEF856D057 /* Pods */,
				680C4BC267AC35407433126C /* Frameworks */,
			);
			sourceTree = "<group>";
		};
		9F5ACF87250F4AA000516A9B /* Products */ = {
			isa = PBXGroup;
			children = (
				9F5ACF86250F4AA000516A9B /* gaak.app */,
			);
			name = Products;
			sourceTree = "<group>";
		};
		9F5ACF88250F4AA000516A9B /* gaak */ = {
			isa = PBXGroup;
			children = (
				9F2A2A91251C6882002147A8 /* View */,
				9F2A2A92251C688C002147A8 /* ViewController */,
				9F2A2A94251C81CC002147A8 /* Model */,
				9FD87EC725273EAB001FF3F9 /* Extension */,
				9F2A2A90251C6820002147A8 /* Resource */,
				9F5ACF9F250F50FA00516A9B /* Delegates */,
				9F5ACF97250F4AA200516A9B /* Info.plist */,
			);
			path = gaak;
			sourceTree = "<group>";
		};
		9F5ACF9F250F50FA00516A9B /* Delegates */ = {
			isa = PBXGroup;
			children = (
				9F5ACF89250F4AA000516A9B /* AppDelegate.swift */,
				9F5ACF8B250F4AA000516A9B /* SceneDelegate.swift */,
			);
			path = Delegates;
			sourceTree = "<group>";
		};
		9FD87EC725273EAB001FF3F9 /* Extension */ = {
			isa = PBXGroup;
			children = (
				9FD87EC825273ED6001FF3F9 /* ImageExtension.swift */,
				9F22AD9D2544114E006EE203 /* CoreMotionExtension.swift */,
				9F0DABD0254ED15A007F00B5 /* CGREctExtension.swift */,
			);
			path = Extension;
			sourceTree = "<group>";
		};
		C4C83301AFA31AEEF856D057 /* Pods */ = {
			isa = PBXGroup;
			children = (
				83DA72BD64D8699618841424 /* Pods-gaak.debug.xcconfig */,
				B8A6D966B733AB1B6A60DCBC /* Pods-gaak.release.xcconfig */,
			);
			path = Pods;
			sourceTree = "<group>";
		};
/* End PBXGroup section */

/* Begin PBXNativeTarget section */
		9F5ACF85250F4AA000516A9B /* gaak */ = {
			isa = PBXNativeTarget;
			buildConfigurationList = 9F5ACF9A250F4AA200516A9B /* Build configuration list for PBXNativeTarget "gaak" */;
			buildPhases = (
				2548C0B297B8194F015BE552 /* [CP] Check Pods Manifest.lock */,
				9F5ACF82250F4AA000516A9B /* Sources */,
				9F5ACF83250F4AA000516A9B /* Frameworks */,
				9F5ACF84250F4AA000516A9B /* Resources */,
			);
			buildRules = (
			);
			dependencies = (
			);
			name = gaak;
			packageProductDependencies = (
				9F930E522542A2370058CC83 /* SnapKit */,
				9FE288FB254421FF009583B3 /* Haptica */,
			);
			productName = gaak;
			productReference = 9F5ACF86250F4AA000516A9B /* gaak.app */;
			productType = "com.apple.product-type.application";
		};
/* End PBXNativeTarget section */

/* Begin PBXProject section */
		9F5ACF7E250F4AA000516A9B /* Project object */ = {
			isa = PBXProject;
			attributes = {
				LastSwiftUpdateCheck = 1170;
				LastUpgradeCheck = 1200;
				ORGANIZATIONNAME = "Ted Kim";
				TargetAttributes = {
					9F5ACF85250F4AA000516A9B = {
						CreatedOnToolsVersion = 11.7;
					};
				};
			};
			buildConfigurationList = 9F5ACF81250F4AA000516A9B /* Build configuration list for PBXProject "gaak" */;
			compatibilityVersion = "Xcode 9.3";
			developmentRegion = en;
			hasScannedForEncodings = 0;
			knownRegions = (
				en,
				Base,
			);
			mainGroup = 9F5ACF7D250F4AA000516A9B;
			packageReferences = (
				9F930E512542A2370058CC83 /* XCRemoteSwiftPackageReference "SnapKit" */,
				9FE288FA254421FF009583B3 /* XCRemoteSwiftPackageReference "Haptica" */,
			);
			productRefGroup = 9F5ACF87250F4AA000516A9B /* Products */;
			projectDirPath = "";
			projectRoot = "";
			targets = (
				9F5ACF85250F4AA000516A9B /* gaak */,
			);
		};
/* End PBXProject section */

/* Begin PBXResourcesBuildPhase section */
		9F5ACF84250F4AA000516A9B /* Resources */ = {
			isa = PBXResourcesBuildPhase;
			buildActionMask = 2147483647;
			files = (
				4C5D67A32554269600245E67 /* SF-Pro-Text-Regular.otf in Resources */,
				4C5D67AB2554269600245E67 /* SF-Pro-Text-Heavy.otf in Resources */,
				4C5D67A22554269600245E67 /* SF-Pro-Text-LightItalic.otf in Resources */,
				4C5D679D2554269600245E67 /* SF-Pro-Text-MediumItalic.otf in Resources */,
				4C5D679F2554269600245E67 /* SF-Pro-Text-Bold.otf in Resources */,
				4C5D67A82554269600245E67 /* SF-Pro-Text-Medium.otf in Resources */,
				4C5D67A72554269600245E67 /* SF-Pro-Text-SemiboldItalic.otf in Resources */,
				4C5D67AD2554269600245E67 /* SF-Pro-Text-ThinItalic.otf in Resources */,
				4C5D679C2554269600245E67 /* SF-Pro-Text-Semibold.otf in Resources */,
				4C5D67A62554269600245E67 /* SF-Pro-Text-Black.otf in Resources */,
				4C5D67AA2554269600245E67 /* SF-Pro-Text-Thin.otf in Resources */,
				4C5D67A02554269600245E67 /* SF-Pro-Text-BlackItalic.otf in Resources */,
				9F5ACF96250F4AA200516A9B /* LaunchScreen.storyboard in Resources */,
				4C5D67A92554269600245E67 /* SF-Pro-Text-BoldItalic.otf in Resources */,
				4C5D67A12554269600245E67 /* SF-Pro-Text-Light.otf in Resources */,
				9F5ACF93250F4AA200516A9B /* Assets.xcassets in Resources */,
				4C5D67A52554269600245E67 /* SF-Pro-Text-UltralightItalic.otf in Resources */,
				9F5ACF91250F4AA000516A9B /* Main.storyboard in Resources */,
				4C5D67A42554269600245E67 /* SF-Pro-Text-RegularItalic.otf in Resources */,
				4C5D679E2554269600245E67 /* SF-Pro-Text-HeavyItalic.otf in Resources */,
				4C5D67AC2554269600245E67 /* SF-Pro-Text-Ultralight.otf in Resources */,
			);
			runOnlyForDeploymentPostprocessing = 0;
		};
/* End PBXResourcesBuildPhase section */

/* Begin PBXShellScriptBuildPhase section */
		2548C0B297B8194F015BE552 /* [CP] Check Pods Manifest.lock */ = {
			isa = PBXShellScriptBuildPhase;
			buildActionMask = 2147483647;
			files = (
			);
			inputFileListPaths = (
			);
			inputPaths = (
				"${PODS_PODFILE_DIR_PATH}/Podfile.lock",
				"${PODS_ROOT}/Manifest.lock",
			);
			name = "[CP] Check Pods Manifest.lock";
			outputFileListPaths = (
			);
			outputPaths = (
				"$(DERIVED_FILE_DIR)/Pods-gaak-checkManifestLockResult.txt",
			);
			runOnlyForDeploymentPostprocessing = 0;
			shellPath = /bin/sh;
			shellScript = "diff \"${PODS_PODFILE_DIR_PATH}/Podfile.lock\" \"${PODS_ROOT}/Manifest.lock\" > /dev/null\nif [ $? != 0 ] ; then\n    # print error to STDERR\n    echo \"error: The sandbox is not in sync with the Podfile.lock. Run 'pod install' or update your CocoaPods installation.\" >&2\n    exit 1\nfi\n# This output is used by Xcode 'outputs' to avoid re-running this script phase.\necho \"SUCCESS\" > \"${SCRIPT_OUTPUT_FILE_0}\"\n";
			showEnvVarsInLog = 0;
		};
/* End PBXShellScriptBuildPhase section */

/* Begin PBXSourcesBuildPhase section */
		9F5ACF82250F4AA000516A9B /* Sources */ = {
			isa = PBXSourcesBuildPhase;
			buildActionMask = 2147483647;
			files = (
				9F2A2A96251C81F3002147A8 /* Constants.swift in Sources */,
				9FE00E50252C95F5000E6F9A /* PhotoAlbumItemCollectionViewCell.swift in Sources */,
				9F5ACF8A250F4AA000516A9B /* AppDelegate.swift in Sources */,
				4C9EEAB72540437600E31C12 /* GridView.swift in Sources */,
				4C5D67B3255430C100245E67 /* Setting.swift in Sources */,
				9F22AD9E2544114E006EE203 /* CoreMotionExtension.swift in Sources */,
				9F5ACFA1250F518600516A9B /* PreviewView.swift in Sources */,
				9FD322C4252C94CE000B611D /* PhotoAlbumViewController.swift in Sources */,
				9FD87EC925273ED6001FF3F9 /* ImageExtension.swift in Sources */,
				4C5D67B62554341D00245E67 /* SettingTableViewController.swift in Sources */,
				9FD87EC525273C62001FF3F9 /* CameraViewControllerExtension.swift in Sources */,
				9FE00E53252CA5FD000E6F9A /* ImageZoomViewController.swift in Sources */,
				9F5ACF8C250F4AA000516A9B /* SceneDelegate.swift in Sources */,
				9F5ACF9E250F508A00516A9B /* CameraViewController.swift in Sources */,
				9F0DABD1254ED15A007F00B5 /* CGREctExtension.swift in Sources */,
			);
			runOnlyForDeploymentPostprocessing = 0;
		};
/* End PBXSourcesBuildPhase section */

/* Begin PBXVariantGroup section */
		9F5ACF8F250F4AA000516A9B /* Main.storyboard */ = {
			isa = PBXVariantGroup;
			children = (
				9F5ACF90250F4AA000516A9B /* Base */,
			);
			name = Main.storyboard;
			sourceTree = "<group>";
		};
		9F5ACF94250F4AA200516A9B /* LaunchScreen.storyboard */ = {
			isa = PBXVariantGroup;
			children = (
				9F5ACF95250F4AA200516A9B /* Base */,
			);
			name = LaunchScreen.storyboard;
			sourceTree = "<group>";
		};
/* End PBXVariantGroup section */

/* Begin XCBuildConfiguration section */
		9F5ACF98250F4AA200516A9B /* Debug */ = {
			isa = XCBuildConfiguration;
			buildSettings = {
				ALWAYS_SEARCH_USER_PATHS = NO;
				CLANG_ANALYZER_NONNULL = YES;
				CLANG_ANALYZER_NUMBER_OBJECT_CONVERSION = YES_AGGRESSIVE;
				CLANG_CXX_LANGUAGE_STANDARD = "gnu++14";
				CLANG_CXX_LIBRARY = "libc++";
				CLANG_ENABLE_MODULES = YES;
				CLANG_ENABLE_OBJC_ARC = YES;
				CLANG_ENABLE_OBJC_WEAK = YES;
				CLANG_WARN_BLOCK_CAPTURE_AUTORELEASING = YES;
				CLANG_WARN_BOOL_CONVERSION = YES;
				CLANG_WARN_COMMA = YES;
				CLANG_WARN_CONSTANT_CONVERSION = YES;
				CLANG_WARN_DEPRECATED_OBJC_IMPLEMENTATIONS = YES;
				CLANG_WARN_DIRECT_OBJC_ISA_USAGE = YES_ERROR;
				CLANG_WARN_DOCUMENTATION_COMMENTS = YES;
				CLANG_WARN_EMPTY_BODY = YES;
				CLANG_WARN_ENUM_CONVERSION = YES;
				CLANG_WARN_INFINITE_RECURSION = YES;
				CLANG_WARN_INT_CONVERSION = YES;
				CLANG_WARN_NON_LITERAL_NULL_CONVERSION = YES;
				CLANG_WARN_OBJC_IMPLICIT_RETAIN_SELF = YES;
				CLANG_WARN_OBJC_LITERAL_CONVERSION = YES;
				CLANG_WARN_OBJC_ROOT_CLASS = YES_ERROR;
				CLANG_WARN_QUOTED_INCLUDE_IN_FRAMEWORK_HEADER = YES;
				CLANG_WARN_RANGE_LOOP_ANALYSIS = YES;
				CLANG_WARN_STRICT_PROTOTYPES = YES;
				CLANG_WARN_SUSPICIOUS_MOVE = YES;
				CLANG_WARN_UNGUARDED_AVAILABILITY = YES_AGGRESSIVE;
				CLANG_WARN_UNREACHABLE_CODE = YES;
				CLANG_WARN__DUPLICATE_METHOD_MATCH = YES;
				COPY_PHASE_STRIP = NO;
				DEBUG_INFORMATION_FORMAT = dwarf;
				ENABLE_STRICT_OBJC_MSGSEND = YES;
				ENABLE_TESTABILITY = YES;
				GCC_C_LANGUAGE_STANDARD = gnu11;
				GCC_DYNAMIC_NO_PIC = NO;
				GCC_NO_COMMON_BLOCKS = YES;
				GCC_OPTIMIZATION_LEVEL = 0;
				GCC_PREPROCESSOR_DEFINITIONS = (
					"DEBUG=1",
					"$(inherited)",
				);
				GCC_WARN_64_TO_32_BIT_CONVERSION = YES;
				GCC_WARN_ABOUT_RETURN_TYPE = YES_ERROR;
				GCC_WARN_UNDECLARED_SELECTOR = YES;
				GCC_WARN_UNINITIALIZED_AUTOS = YES_AGGRESSIVE;
				GCC_WARN_UNUSED_FUNCTION = YES;
				GCC_WARN_UNUSED_VARIABLE = YES;
				IPHONEOS_DEPLOYMENT_TARGET = 14.0;
				MTL_ENABLE_DEBUG_INFO = INCLUDE_SOURCE;
				MTL_FAST_MATH = YES;
				ONLY_ACTIVE_ARCH = YES;
				SDKROOT = iphoneos;
				SWIFT_ACTIVE_COMPILATION_CONDITIONS = DEBUG;
				SWIFT_OPTIMIZATION_LEVEL = "-Onone";
			};
			name = Debug;
		};
		9F5ACF99250F4AA200516A9B /* Release */ = {
			isa = XCBuildConfiguration;
			buildSettings = {
				ALWAYS_SEARCH_USER_PATHS = NO;
				CLANG_ANALYZER_NONNULL = YES;
				CLANG_ANALYZER_NUMBER_OBJECT_CONVERSION = YES_AGGRESSIVE;
				CLANG_CXX_LANGUAGE_STANDARD = "gnu++14";
				CLANG_CXX_LIBRARY = "libc++";
				CLANG_ENABLE_MODULES = YES;
				CLANG_ENABLE_OBJC_ARC = YES;
				CLANG_ENABLE_OBJC_WEAK = YES;
				CLANG_WARN_BLOCK_CAPTURE_AUTORELEASING = YES;
				CLANG_WARN_BOOL_CONVERSION = YES;
				CLANG_WARN_COMMA = YES;
				CLANG_WARN_CONSTANT_CONVERSION = YES;
				CLANG_WARN_DEPRECATED_OBJC_IMPLEMENTATIONS = YES;
				CLANG_WARN_DIRECT_OBJC_ISA_USAGE = YES_ERROR;
				CLANG_WARN_DOCUMENTATION_COMMENTS = YES;
				CLANG_WARN_EMPTY_BODY = YES;
				CLANG_WARN_ENUM_CONVERSION = YES;
				CLANG_WARN_INFINITE_RECURSION = YES;
				CLANG_WARN_INT_CONVERSION = YES;
				CLANG_WARN_NON_LITERAL_NULL_CONVERSION = YES;
				CLANG_WARN_OBJC_IMPLICIT_RETAIN_SELF = YES;
				CLANG_WARN_OBJC_LITERAL_CONVERSION = YES;
				CLANG_WARN_OBJC_ROOT_CLASS = YES_ERROR;
				CLANG_WARN_QUOTED_INCLUDE_IN_FRAMEWORK_HEADER = YES;
				CLANG_WARN_RANGE_LOOP_ANALYSIS = YES;
				CLANG_WARN_STRICT_PROTOTYPES = YES;
				CLANG_WARN_SUSPICIOUS_MOVE = YES;
				CLANG_WARN_UNGUARDED_AVAILABILITY = YES_AGGRESSIVE;
				CLANG_WARN_UNREACHABLE_CODE = YES;
				CLANG_WARN__DUPLICATE_METHOD_MATCH = YES;
				COPY_PHASE_STRIP = NO;
				DEBUG_INFORMATION_FORMAT = "dwarf-with-dsym";
				ENABLE_NS_ASSERTIONS = NO;
				ENABLE_STRICT_OBJC_MSGSEND = YES;
				GCC_C_LANGUAGE_STANDARD = gnu11;
				GCC_NO_COMMON_BLOCKS = YES;
				GCC_WARN_64_TO_32_BIT_CONVERSION = YES;
				GCC_WARN_ABOUT_RETURN_TYPE = YES_ERROR;
				GCC_WARN_UNDECLARED_SELECTOR = YES;
				GCC_WARN_UNINITIALIZED_AUTOS = YES_AGGRESSIVE;
				GCC_WARN_UNUSED_FUNCTION = YES;
				GCC_WARN_UNUSED_VARIABLE = YES;
				IPHONEOS_DEPLOYMENT_TARGET = 14.0;
				MTL_ENABLE_DEBUG_INFO = NO;
				MTL_FAST_MATH = YES;
				SDKROOT = iphoneos;
				SWIFT_COMPILATION_MODE = wholemodule;
				SWIFT_OPTIMIZATION_LEVEL = "-O";
				VALIDATE_PRODUCT = YES;
			};
			name = Release;
		};
		9F5ACF9B250F4AA200516A9B /* Debug */ = {
			isa = XCBuildConfiguration;
			baseConfigurationReference = 83DA72BD64D8699618841424 /* Pods-gaak.debug.xcconfig */;
			buildSettings = {
				ASSETCATALOG_COMPILER_APPICON_NAME = AppIcon;
				CODE_SIGN_STYLE = Automatic;
				DEVELOPMENT_TEAM = 4QG3GC35LA;
				INFOPLIST_FILE = gaak/Info.plist;
				LD_RUNPATH_SEARCH_PATHS = (
					"$(inherited)",
					"@executable_path/Frameworks",
				);
				PRODUCT_BUNDLE_IDENTIFIER = com.dreamin.gak;
				PRODUCT_NAME = "$(TARGET_NAME)";
				SWIFT_VERSION = 5.0;
				TARGETED_DEVICE_FAMILY = "1,2";
			};
			name = Debug;
		};
		9F5ACF9C250F4AA200516A9B /* Release */ = {
			isa = XCBuildConfiguration;
			baseConfigurationReference = B8A6D966B733AB1B6A60DCBC /* Pods-gaak.release.xcconfig */;
			buildSettings = {
				ASSETCATALOG_COMPILER_APPICON_NAME = AppIcon;
				CODE_SIGN_STYLE = Automatic;
				DEVELOPMENT_TEAM = 4QG3GC35LA;
				INFOPLIST_FILE = gaak/Info.plist;
				LD_RUNPATH_SEARCH_PATHS = (
					"$(inherited)",
					"@executable_path/Frameworks",
				);
				PRODUCT_BUNDLE_IDENTIFIER = com.dreamin.gak;
				PRODUCT_NAME = "$(TARGET_NAME)";
				SWIFT_VERSION = 5.0;
				TARGETED_DEVICE_FAMILY = "1,2";
			};
			name = Release;
		};
/* End XCBuildConfiguration section */

/* Begin XCConfigurationList section */
		9F5ACF81250F4AA000516A9B /* Build configuration list for PBXProject "gaak" */ = {
			isa = XCConfigurationList;
			buildConfigurations = (
				9F5ACF98250F4AA200516A9B /* Debug */,
				9F5ACF99250F4AA200516A9B /* Release */,
			);
			defaultConfigurationIsVisible = 0;
			defaultConfigurationName = Release;
		};
		9F5ACF9A250F4AA200516A9B /* Build configuration list for PBXNativeTarget "gaak" */ = {
			isa = XCConfigurationList;
			buildConfigurations = (
				9F5ACF9B250F4AA200516A9B /* Debug */,
				9F5ACF9C250F4AA200516A9B /* Release */,
			);
			defaultConfigurationIsVisible = 0;
			defaultConfigurationName = Release;
		};
/* End XCConfigurationList section */

/* Begin XCRemoteSwiftPackageReference section */
		9F930E512542A2370058CC83 /* XCRemoteSwiftPackageReference "SnapKit" */ = {
			isa = XCRemoteSwiftPackageReference;
			repositoryURL = "https://github.com/SnapKit/SnapKit.git";
			requirement = {
				kind = upToNextMajorVersion;
				minimumVersion = 5.0.1;
			};
		};
		9FE288FA254421FF009583B3 /* XCRemoteSwiftPackageReference "Haptica" */ = {
			isa = XCRemoteSwiftPackageReference;
			repositoryURL = "https://github.com/efremidze/Haptica.git";
			requirement = {
				kind = upToNextMajorVersion;
				minimumVersion = 3.0.2;
			};
		};
/* End XCRemoteSwiftPackageReference section */

/* Begin XCSwiftPackageProductDependency section */
		9F930E522542A2370058CC83 /* SnapKit */ = {
			isa = XCSwiftPackageProductDependency;
			package = 9F930E512542A2370058CC83 /* XCRemoteSwiftPackageReference "SnapKit" */;
			productName = SnapKit;
		};
		9FE288FB254421FF009583B3 /* Haptica */ = {
			isa = XCSwiftPackageProductDependency;
			package = 9FE288FA254421FF009583B3 /* XCRemoteSwiftPackageReference "Haptica" */;
			productName = Haptica;
		};
/* End XCSwiftPackageProductDependency section */
	};
	rootObject = 9F5ACF7E250F4AA000516A9B /* Project object */;
}
